
Microsoft Visual Studio Solution File, Format Version 12.00
# Visual Studio Version 16
VisualStudioVersion = 16.0.30406.217
MinimumVisualStudioVersion = 10.0.40219.1
Project("{00D1A9C2-B5F0-4AF3-8072-F6C62B433612}") = "AP Database", "Database1\AP Database.sqlproj", "{DAE6D156-CA96-4F0A-A6FB-B325AE363578}"
EndProject
Project("{00D1A9C2-B5F0-4AF3-8072-F6C62B433612}") = "MyGuitarShop Database", "MyGuitarShop Database\MyGuitarShop Database.sqlproj", "{77751671-70DB-433D-B5DC-1B015C35E134}"
EndProject
Global
	GlobalSection(SolutionConfigurationPlatforms) = preSolution
		Debug|Any CPU = Debug|Any CPU
		Release|Any CPU = Release|Any CPU
	EndGlobalSection
	GlobalSection(ProjectConfigurationPlatforms) = postSolution
		{DAE6D156-CA96-4F0A-A6FB-B325AE363578}.Debug|Any CPU.ActiveCfg = Debug|Any CPU
		{DAE6D156-CA96-4F0A-A6FB-B325AE363578}.Debug|Any CPU.Build.0 = Debug|Any CPU
		{DAE6D156-CA96-4F0A-A6FB-B325AE363578}.Debug|Any CPU.Deploy.0 = Debug|Any CPU
		{DAE6D156-CA96-4F0A-A6FB-B325AE363578}.Release|Any CPU.ActiveCfg = Release|Any CPU
		{DAE6D156-CA96-4F0A-A6FB-B325AE363578}.Release|Any CPU.Build.0 = Release|Any CPU
		{DAE6D156-CA96-4F0A-A6FB-B325AE363578}.Release|Any CPU.Deploy.0 = Release|Any CPU
		{77751671-70DB-433D-B5DC-1B015C35E134}.Debug|Any CPU.ActiveCfg = Debug|Any CPU
		{77751671-70DB-433D-B5DC-1B015C35E134}.Debug|Any CPU.Build.0 = Debug|Any CPU
		{77751671-70DB-433D-B5DC-1B015C35E134}.Debug|Any CPU.Deploy.0 = Debug|Any CPU
		{77751671-70DB-433D-B5DC-1B015C35E134}.Release|Any CPU.ActiveCfg = Release|Any CPU
		{77751671-70DB-433D-B5DC-1B015C35E134}.Release|Any CPU.Build.0 = Release|Any CPU
		{77751671-70DB-433D-B5DC-1B015C35E134}.Release|Any CPU.Deploy.0 = Release|Any CPU
	EndGlobalSection
	GlobalSection(SolutionProperties) = preSolution
		HideSolutionNode = FALSE
	EndGlobalSection
	GlobalSection(ExtensibilityGlobals) = postSolution
		SolutionGuid = {88AB1B6D-D3FE-41A9-9D42-1B3129CB85A3}
	EndGlobalSection
EndGlobal
